
Microsoft Visual Studio Solution File, Format Version 12.00
# Visual Studio Version 17
VisualStudioVersion = 17.9.34728.123
MinimumVisualStudioVersion = 10.0.40219.1
Project("{FAE04EC0-301F-11D3-BF4B-00C04F79EFBC}") = "Archive", "Archive\Archive.csproj", "{F1842574-F558-4BA9-ADA9-DD6CAF9D1772}"
EndProject
Global
	GlobalSection(SolutionConfigurationPlatforms) = preSolution
		Debug|Any CPU = Debug|Any CPU
		Release|Any CPU = Release|Any CPU
	EndGlobalSection
	GlobalSection(ProjectConfigurationPlatforms) = postSolution
		{F1842574-F558-4BA9-ADA9-DD6CAF9D1772}.Debug|Any CPU.ActiveCfg = Debug|Any CPU
		{F1842574-F558-4BA9-ADA9-DD6CAF9D1772}.Debug|Any CPU.Build.0 = Debug|Any CPU
		{F1842574-F558-4BA9-ADA9-DD6CAF9D1772}.Release|Any CPU.ActiveCfg = Release|Any CPU
		{F1842574-F558-4BA9-ADA9-DD6CAF9D1772}.Release|Any CPU.Build.0 = Release|Any CPU
	EndGlobalSection
	GlobalSection(SolutionProperties) = preSolution
		HideSolutionNode = FALSE
	EndGlobalSection
	GlobalSection(ExtensibilityGlobals) = postSolution
		SolutionGuid = {14AFAC04-A1A1-49FE-ABB6-4DE2DBD5EF03}
	EndGlobalSection
EndGlobal
